
Microsoft Visual Studio Solution File, Format Version 12.00
# Visual Studio Version 17
VisualStudioVersion = 17.4.33213.308
MinimumVisualStudioVersion = 10.0.40219.1
Project("{9A19103F-16F7-4668-BE54-9A1E7A4F7556}") = "Name", "AutomationCourseByUdemy\Name.csproj", "{228C8903-547E-45CD-80F8-41F78A0FC9F7}"
EndProject
Project("{2150E333-8FDC-42A3-9474-1A3956D46DE8}") = "ElementSelectors", "ElementSelectors", "{83F0BB7B-BFD0-406D-88AE-8D39ADE3C11A}"
EndProject
Project("{9A19103F-16F7-4668-BE54-9A1E7A4F7556}") = "ID", "ID\ID.csproj", "{8C749B99-AF92-44A3-B4C5-ECE819C99FDC}"
EndProject
Project("{9A19103F-16F7-4668-BE54-9A1E7A4F7556}") = "ClassName", "ClassName\ClassName.csproj", "{123B1F98-1FB5-462E-B001-3FB656491C6F}"
EndProject
Project("{9A19103F-16F7-4668-BE54-9A1E7A4F7556}") = "CSSandXPATH", "CSSandXPATH\CSSandXPATH.csproj", "{49D9CCB1-D2A7-4D37-960D-A6C43FCF744A}"
EndProject
Project("{9A19103F-16F7-4668-BE54-9A1E7A4F7556}") = "TextBoxELement", "TextBoxELement\TextBoxELement.csproj", "{1EEC7609-5FC3-4836-A799-297CEA6AA0BA}"
EndProject
Project("{9A19103F-16F7-4668-BE54-9A1E7A4F7556}") = "CheckBoxElement", "CheckBoxElement\CheckBoxElement.csproj", "{D262C4C1-4E1E-45C6-A290-197B3666D3E8}"
EndProject
Project("{9A19103F-16F7-4668-BE54-9A1E7A4F7556}") = "RadioButton", "RadioButton\RadioButton.csproj", "{1A3F385F-E9A6-4EAA-9B14-70C19279F3A0}"
EndProject
Project("{9A19103F-16F7-4668-BE54-9A1E7A4F7556}") = "DropDownMenu", "DropDownMenu\DropDownMenu.csproj", "{E9640BD5-29B4-4DE5-AB2A-0825E2C8410D}"
EndProject
Project("{9A19103F-16F7-4668-BE54-9A1E7A4F7556}") = "AlertBox", "AlertBox\AlertBox.csproj", "{095D0D82-56D9-4B91-9C4D-8570779893B4}"
EndProject
Project("{2150E333-8FDC-42A3-9474-1A3956D46DE8}") = "DemoTest", "DemoTest", "{8CE6570B-4150-4605-A284-A70AF2590C6E}"
EndProject
Project("{9A19103F-16F7-4668-BE54-9A1E7A4F7556}") = "DemoTest", "DemoTest\DemoTest.csproj", "{19BB454E-3BED-49F2-AF0D-8244FBA95ED5}"
EndProject
Global
	GlobalSection(SolutionConfigurationPlatforms) = preSolution
		Debug|Any CPU = Debug|Any CPU
		Release|Any CPU = Release|Any CPU
	EndGlobalSection
	GlobalSection(ProjectConfigurationPlatforms) = postSolution
		{228C8903-547E-45CD-80F8-41F78A0FC9F7}.Debug|Any CPU.ActiveCfg = Debug|Any CPU
		{228C8903-547E-45CD-80F8-41F78A0FC9F7}.Debug|Any CPU.Build.0 = Debug|Any CPU
		{228C8903-547E-45CD-80F8-41F78A0FC9F7}.Release|Any CPU.ActiveCfg = Release|Any CPU
		{228C8903-547E-45CD-80F8-41F78A0FC9F7}.Release|Any CPU.Build.0 = Release|Any CPU
		{8C749B99-AF92-44A3-B4C5-ECE819C99FDC}.Debug|Any CPU.ActiveCfg = Debug|Any CPU
		{8C749B99-AF92-44A3-B4C5-ECE819C99FDC}.Debug|Any CPU.Build.0 = Debug|Any CPU
		{8C749B99-AF92-44A3-B4C5-ECE819C99FDC}.Release|Any CPU.ActiveCfg = Release|Any CPU
		{8C749B99-AF92-44A3-B4C5-ECE819C99FDC}.Release|Any CPU.Build.0 = Release|Any CPU
		{123B1F98-1FB5-462E-B001-3FB656491C6F}.Debug|Any CPU.ActiveCfg = Debug|Any CPU
		{123B1F98-1FB5-462E-B001-3FB656491C6F}.Debug|Any CPU.Build.0 = Debug|Any CPU
		{123B1F98-1FB5-462E-B001-3FB656491C6F}.Release|Any CPU.ActiveCfg = Release|Any CPU
		{123B1F98-1FB5-462E-B001-3FB656491C6F}.Release|Any CPU.Build.0 = Release|Any CPU
		{49D9CCB1-D2A7-4D37-960D-A6C43FCF744A}.Debug|Any CPU.ActiveCfg = Debug|Any CPU
		{49D9CCB1-D2A7-4D37-960D-A6C43FCF744A}.Debug|Any CPU.Build.0 = Debug|Any CPU
		{49D9CCB1-D2A7-4D37-960D-A6C43FCF744A}.Release|Any CPU.ActiveCfg = Release|Any CPU
		{49D9CCB1-D2A7-4D37-960D-A6C43FCF744A}.Release|Any CPU.Build.0 = Release|Any CPU
		{1EEC7609-5FC3-4836-A799-297CEA6AA0BA}.Debug|Any CPU.ActiveCfg = Debug|Any CPU
		{1EEC7609-5FC3-4836-A799-297CEA6AA0BA}.Debug|Any CPU.Build.0 = Debug|Any CPU
		{1EEC7609-5FC3-4836-A799-297CEA6AA0BA}.Release|Any CPU.ActiveCfg = Release|Any CPU
		{1EEC7609-5FC3-4836-A799-297CEA6AA0BA}.Release|Any CPU.Build.0 = Release|Any CPU
		{D262C4C1-4E1E-45C6-A290-197B3666D3E8}.Debug|Any CPU.ActiveCfg = Debug|Any CPU
		{D262C4C1-4E1E-45C6-A290-197B3666D3E8}.Debug|Any CPU.Build.0 = Debug|Any CPU
		{D262C4C1-4E1E-45C6-A290-197B3666D3E8}.Release|Any CPU.ActiveCfg = Release|Any CPU
		{D262C4C1-4E1E-45C6-A290-197B3666D3E8}.Release|Any CPU.Build.0 = Release|Any CPU
		{1A3F385F-E9A6-4EAA-9B14-70C19279F3A0}.Debug|Any CPU.ActiveCfg = Debug|Any CPU
		{1A3F385F-E9A6-4EAA-9B14-70C19279F3A0}.Debug|Any CPU.Build.0 = Debug|Any CPU
		{1A3F385F-E9A6-4EAA-9B14-70C19279F3A0}.Release|Any CPU.ActiveCfg = Release|Any CPU
		{1A3F385F-E9A6-4EAA-9B14-70C19279F3A0}.Release|Any CPU.Build.0 = Release|Any CPU
		{E9640BD5-29B4-4DE5-AB2A-0825E2C8410D}.Debug|Any CPU.ActiveCfg = Debug|Any CPU
		{E9640BD5-29B4-4DE5-AB2A-0825E2C8410D}.Debug|Any CPU.Build.0 = Debug|Any CPU
		{E9640BD5-29B4-4DE5-AB2A-0825E2C8410D}.Release|Any CPU.ActiveCfg = Release|Any CPU
		{E9640BD5-29B4-4DE5-AB2A-0825E2C8410D}.Release|Any CPU.Build.0 = Release|Any CPU
		{095D0D82-56D9-4B91-9C4D-8570779893B4}.Debug|Any CPU.ActiveCfg = Debug|Any CPU
		{095D0D82-56D9-4B91-9C4D-8570779893B4}.Debug|Any CPU.Build.0 = Debug|Any CPU
		{095D0D82-56D9-4B91-9C4D-8570779893B4}.Release|Any CPU.ActiveCfg = Release|Any CPU
		{095D0D82-56D9-4B91-9C4D-8570779893B4}.Release|Any CPU.Build.0 = Release|Any CPU
		{19BB454E-3BED-49F2-AF0D-8244FBA95ED5}.Debug|Any CPU.ActiveCfg = Debug|Any CPU
		{19BB454E-3BED-49F2-AF0D-8244FBA95ED5}.Debug|Any CPU.Build.0 = Debug|Any CPU
		{19BB454E-3BED-49F2-AF0D-8244FBA95ED5}.Release|Any CPU.ActiveCfg = Release|Any CPU
		{19BB454E-3BED-49F2-AF0D-8244FBA95ED5}.Release|Any CPU.Build.0 = Release|Any CPU
	EndGlobalSection
	GlobalSection(SolutionProperties) = preSolution
		HideSolutionNode = FALSE
	EndGlobalSection
	GlobalSection(NestedProjects) = preSolution
		{228C8903-547E-45CD-80F8-41F78A0FC9F7} = {83F0BB7B-BFD0-406D-88AE-8D39ADE3C11A}
		{8C749B99-AF92-44A3-B4C5-ECE819C99FDC} = {83F0BB7B-BFD0-406D-88AE-8D39ADE3C11A}
		{123B1F98-1FB5-462E-B001-3FB656491C6F} = {83F0BB7B-BFD0-406D-88AE-8D39ADE3C11A}
		{49D9CCB1-D2A7-4D37-960D-A6C43FCF744A} = {83F0BB7B-BFD0-406D-88AE-8D39ADE3C11A}
		{1EEC7609-5FC3-4836-A799-297CEA6AA0BA} = {83F0BB7B-BFD0-406D-88AE-8D39ADE3C11A}
		{D262C4C1-4E1E-45C6-A290-197B3666D3E8} = {83F0BB7B-BFD0-406D-88AE-8D39ADE3C11A}
		{1A3F385F-E9A6-4EAA-9B14-70C19279F3A0} = {83F0BB7B-BFD0-406D-88AE-8D39ADE3C11A}
		{E9640BD5-29B4-4DE5-AB2A-0825E2C8410D} = {83F0BB7B-BFD0-406D-88AE-8D39ADE3C11A}
		{095D0D82-56D9-4B91-9C4D-8570779893B4} = {83F0BB7B-BFD0-406D-88AE-8D39ADE3C11A}
		{19BB454E-3BED-49F2-AF0D-8244FBA95ED5} = {8CE6570B-4150-4605-A284-A70AF2590C6E}
	EndGlobalSection
	GlobalSection(ExtensibilityGlobals) = postSolution
		SolutionGuid = {26AE81F0-BB2A-481C-B005-2F01B9CD5ED1}
	EndGlobalSection
EndGlobal
